
Microsoft Visual Studio Solution File, Format Version 12.00
# Visual Studio Version 17
VisualStudioVersion = 17.11.35208.52
MinimumVisualStudioVersion = 10.0.40219.1
Project("{9A19103F-16F7-4668-BE54-9A1E7A4F7556}") = "Web", "src\Web\Web.csproj", "{827FB86B-7CB4-4FE1-BFF4-419189BADC27}"
	ProjectSection(ProjectDependencies) = postProject
		{1E927F3D-1FCC-400F-B7FE-19EE97FACCB3} = {1E927F3D-1FCC-400F-B7FE-19EE97FACCB3}
	EndProjectSection
EndProject
Project("{9A19103F-16F7-4668-BE54-9A1E7A4F7556}") = "Libs", "src\Libs\Libs.csproj", "{E8D14EFF-E657-4DF7-B2C0-6420BCEAB0E6}"
EndProject
Project("{9A19103F-16F7-4668-BE54-9A1E7A4F7556}") = "Models", "src\Models\Models.csproj", "{5EC82D9B-2D41-480D-A9B5-BDE044992958}"
EndProject
Project("{9A19103F-16F7-4668-BE54-9A1E7A4F7556}") = "Business", "src\Business\Business.csproj", "{22E40F0E-53BF-4CE3-97CD-AE89BED4DFBE}"
	ProjectSection(ProjectDependencies) = postProject
		{5EC82D9B-2D41-480D-A9B5-BDE044992958} = {5EC82D9B-2D41-480D-A9B5-BDE044992958}
		{E8D14EFF-E657-4DF7-B2C0-6420BCEAB0E6} = {E8D14EFF-E657-4DF7-B2C0-6420BCEAB0E6}
	EndProjectSection
EndProject
Project("{9A19103F-16F7-4668-BE54-9A1E7A4F7556}") = "API", "src\API\API.csproj", "{1E927F3D-1FCC-400F-B7FE-19EE97FACCB3}"
	ProjectSection(ProjectDependencies) = postProject
		{22E40F0E-53BF-4CE3-97CD-AE89BED4DFBE} = {22E40F0E-53BF-4CE3-97CD-AE89BED4DFBE}
	EndProjectSection
EndProject
Project("{9A19103F-16F7-4668-BE54-9A1E7A4F7556}") = "Middlewares", "src\Middlewares\Middlewares.csproj", "{F8C843E4-D573-4A3B-9875-DCB6D10D6E5E}"
EndProject
Project("{9A19103F-16F7-4668-BE54-9A1E7A4F7556}") = "Responses", "src\Responses\Responses.csproj", "{AAEF0278-9895-45A0-9913-2746C897B9D2}"
EndProject
Project("{9A19103F-16F7-4668-BE54-9A1E7A4F7556}") = "Requests", "src\Requests\Requests.csproj", "{C48B9D17-8782-4AA3-9A45-1FCCCAA322B2}"
EndProject
Project("{9A19103F-16F7-4668-BE54-9A1E7A4F7556}") = "DTOs", "src\DTOs\DTOs.csproj", "{E6519EB9-29A4-497C-B301-654E9454C1E9}"
EndProject
Project("{9A19103F-16F7-4668-BE54-9A1E7A4F7556}") = "Converters", "src\Converters\Converters.csproj", "{2BFFF6A6-0605-4E4C-9C0D-D42C8A2569D2}"
EndProject
Project("{9A19103F-16F7-4668-BE54-9A1E7A4F7556}") = "Contexts", "src\Contexts\Contexts.csproj", "{6E642A61-277C-490F-8D41-BA0483259019}"
	ProjectSection(ProjectDependencies) = postProject
		{5EC82D9B-2D41-480D-A9B5-BDE044992958} = {5EC82D9B-2D41-480D-A9B5-BDE044992958}
		{E8D14EFF-E657-4DF7-B2C0-6420BCEAB0E6} = {E8D14EFF-E657-4DF7-B2C0-6420BCEAB0E6}
	EndProjectSection
EndProject
Project("{9A19103F-16F7-4668-BE54-9A1E7A4F7556}") = "Enums", "src\Enums\Enums.csproj", "{173C79DC-5B7E-40C2-AE33-05F1F175BA4F}"
EndProject
Project("{2150E333-8FDC-42A3-9474-1A3956D46DE8}") = "test", "test", "{AB05A0C2-87C4-41D4-A5BE-65DBEE678573}"
EndProject
Project("{9A19103F-16F7-4668-BE54-9A1E7A4F7556}") = "API.Test", "test\API.Test\API.Test.csproj", "{93B9B354-1981-4733-9527-251945A79645}"
EndProject
Project("{2150E333-8FDC-42A3-9474-1A3956D46DE8}") = "src", "src", "{1FD1AE5C-1A44-4A4D-9D25-152347E039E3}"
EndProject
Project("{FAE04EC0-301F-11D3-BF4B-00C04F79EFBC}") = "Business.Test", "test\Business.Test\Business.Test.csproj", "{84CC9C71-CCAB-4EC9-9813-8E71FC47A86B}"
EndProject
Project("{FAE04EC0-301F-11D3-BF4B-00C04F79EFBC}") = "Van_Quyet_Moblie_BackEnd", "src\Van_Quyet_Moblie_BackEnd\Van_Quyet_Moblie_BackEnd.csproj", "{E58F408A-A639-4197-A1F0-0BF2AE8A34AD}"
EndProject
Global
	GlobalSection(SolutionConfigurationPlatforms) = preSolution
		Debug|Any CPU = Debug|Any CPU
		Release|Any CPU = Release|Any CPU
	EndGlobalSection
	GlobalSection(ProjectConfigurationPlatforms) = postSolution
		{827FB86B-7CB4-4FE1-BFF4-419189BADC27}.Debug|Any CPU.ActiveCfg = Debug|Any CPU
		{827FB86B-7CB4-4FE1-BFF4-419189BADC27}.Debug|Any CPU.Build.0 = Debug|Any CPU
		{827FB86B-7CB4-4FE1-BFF4-419189BADC27}.Release|Any CPU.ActiveCfg = Release|Any CPU
		{827FB86B-7CB4-4FE1-BFF4-419189BADC27}.Release|Any CPU.Build.0 = Release|Any CPU
		{E8D14EFF-E657-4DF7-B2C0-6420BCEAB0E6}.Debug|Any CPU.ActiveCfg = Debug|Any CPU
		{E8D14EFF-E657-4DF7-B2C0-6420BCEAB0E6}.Debug|Any CPU.Build.0 = Debug|Any CPU
		{E8D14EFF-E657-4DF7-B2C0-6420BCEAB0E6}.Release|Any CPU.ActiveCfg = Release|Any CPU
		{E8D14EFF-E657-4DF7-B2C0-6420BCEAB0E6}.Release|Any CPU.Build.0 = Release|Any CPU
		{5EC82D9B-2D41-480D-A9B5-BDE044992958}.Debug|Any CPU.ActiveCfg = Debug|Any CPU
		{5EC82D9B-2D41-480D-A9B5-BDE044992958}.Debug|Any CPU.Build.0 = Debug|Any CPU
		{5EC82D9B-2D41-480D-A9B5-BDE044992958}.Release|Any CPU.ActiveCfg = Release|Any CPU
		{5EC82D9B-2D41-480D-A9B5-BDE044992958}.Release|Any CPU.Build.0 = Release|Any CPU
		{22E40F0E-53BF-4CE3-97CD-AE89BED4DFBE}.Debug|Any CPU.ActiveCfg = Debug|Any CPU
		{22E40F0E-53BF-4CE3-97CD-AE89BED4DFBE}.Debug|Any CPU.Build.0 = Debug|Any CPU
		{22E40F0E-53BF-4CE3-97CD-AE89BED4DFBE}.Release|Any CPU.ActiveCfg = Release|Any CPU
		{22E40F0E-53BF-4CE3-97CD-AE89BED4DFBE}.Release|Any CPU.Build.0 = Release|Any CPU
		{1E927F3D-1FCC-400F-B7FE-19EE97FACCB3}.Debug|Any CPU.ActiveCfg = Debug|Any CPU
		{1E927F3D-1FCC-400F-B7FE-19EE97FACCB3}.Debug|Any CPU.Build.0 = Debug|Any CPU
		{1E927F3D-1FCC-400F-B7FE-19EE97FACCB3}.Release|Any CPU.ActiveCfg = Release|Any CPU
		{1E927F3D-1FCC-400F-B7FE-19EE97FACCB3}.Release|Any CPU.Build.0 = Release|Any CPU
		{F8C843E4-D573-4A3B-9875-DCB6D10D6E5E}.Debug|Any CPU.ActiveCfg = Debug|Any CPU
		{F8C843E4-D573-4A3B-9875-DCB6D10D6E5E}.Debug|Any CPU.Build.0 = Debug|Any CPU
		{F8C843E4-D573-4A3B-9875-DCB6D10D6E5E}.Release|Any CPU.ActiveCfg = Release|Any CPU
		{F8C843E4-D573-4A3B-9875-DCB6D10D6E5E}.Release|Any CPU.Build.0 = Release|Any CPU
		{AAEF0278-9895-45A0-9913-2746C897B9D2}.Debug|Any CPU.ActiveCfg = Debug|Any CPU
		{AAEF0278-9895-45A0-9913-2746C897B9D2}.Debug|Any CPU.Build.0 = Debug|Any CPU
		{AAEF0278-9895-45A0-9913-2746C897B9D2}.Release|Any CPU.ActiveCfg = Release|Any CPU
		{AAEF0278-9895-45A0-9913-2746C897B9D2}.Release|Any CPU.Build.0 = Release|Any CPU
		{C48B9D17-8782-4AA3-9A45-1FCCCAA322B2}.Debug|Any CPU.ActiveCfg = Debug|Any CPU
		{C48B9D17-8782-4AA3-9A45-1FCCCAA322B2}.Debug|Any CPU.Build.0 = Debug|Any CPU
		{C48B9D17-8782-4AA3-9A45-1FCCCAA322B2}.Release|Any CPU.ActiveCfg = Release|Any CPU
		{C48B9D17-8782-4AA3-9A45-1FCCCAA322B2}.Release|Any CPU.Build.0 = Release|Any CPU
		{E6519EB9-29A4-497C-B301-654E9454C1E9}.Debug|Any CPU.ActiveCfg = Debug|Any CPU
		{E6519EB9-29A4-497C-B301-654E9454C1E9}.Debug|Any CPU.Build.0 = Debug|Any CPU
		{E6519EB9-29A4-497C-B301-654E9454C1E9}.Release|Any CPU.ActiveCfg = Release|Any CPU
		{E6519EB9-29A4-497C-B301-654E9454C1E9}.Release|Any CPU.Build.0 = Release|Any CPU
		{2BFFF6A6-0605-4E4C-9C0D-D42C8A2569D2}.Debug|Any CPU.ActiveCfg = Debug|Any CPU
		{2BFFF6A6-0605-4E4C-9C0D-D42C8A2569D2}.Debug|Any CPU.Build.0 = Debug|Any CPU
		{2BFFF6A6-0605-4E4C-9C0D-D42C8A2569D2}.Release|Any CPU.ActiveCfg = Release|Any CPU
		{2BFFF6A6-0605-4E4C-9C0D-D42C8A2569D2}.Release|Any CPU.Build.0 = Release|Any CPU
		{6E642A61-277C-490F-8D41-BA0483259019}.Debug|Any CPU.ActiveCfg = Debug|Any CPU
		{6E642A61-277C-490F-8D41-BA0483259019}.Debug|Any CPU.Build.0 = Debug|Any CPU
		{6E642A61-277C-490F-8D41-BA0483259019}.Release|Any CPU.ActiveCfg = Release|Any CPU
		{6E642A61-277C-490F-8D41-BA0483259019}.Release|Any CPU.Build.0 = Release|Any CPU
		{173C79DC-5B7E-40C2-AE33-05F1F175BA4F}.Debug|Any CPU.ActiveCfg = Debug|Any CPU
		{173C79DC-5B7E-40C2-AE33-05F1F175BA4F}.Debug|Any CPU.Build.0 = Debug|Any CPU
		{173C79DC-5B7E-40C2-AE33-05F1F175BA4F}.Release|Any CPU.ActiveCfg = Release|Any CPU
		{173C79DC-5B7E-40C2-AE33-05F1F175BA4F}.Release|Any CPU.Build.0 = Release|Any CPU
		{93B9B354-1981-4733-9527-251945A79645}.Debug|Any CPU.ActiveCfg = Debug|Any CPU
		{93B9B354-1981-4733-9527-251945A79645}.Debug|Any CPU.Build.0 = Debug|Any CPU
		{93B9B354-1981-4733-9527-251945A79645}.Release|Any CPU.ActiveCfg = Release|Any CPU
		{93B9B354-1981-4733-9527-251945A79645}.Release|Any CPU.Build.0 = Release|Any CPU
		{84CC9C71-CCAB-4EC9-9813-8E71FC47A86B}.Debug|Any CPU.ActiveCfg = Debug|Any CPU
		{84CC9C71-CCAB-4EC9-9813-8E71FC47A86B}.Debug|Any CPU.Build.0 = Debug|Any CPU
		{84CC9C71-CCAB-4EC9-9813-8E71FC47A86B}.Release|Any CPU.ActiveCfg = Release|Any CPU
		{84CC9C71-CCAB-4EC9-9813-8E71FC47A86B}.Release|Any CPU.Build.0 = Release|Any CPU
		{E58F408A-A639-4197-A1F0-0BF2AE8A34AD}.Debug|Any CPU.ActiveCfg = Debug|Any CPU
		{E58F408A-A639-4197-A1F0-0BF2AE8A34AD}.Debug|Any CPU.Build.0 = Debug|Any CPU
		{E58F408A-A639-4197-A1F0-0BF2AE8A34AD}.Release|Any CPU.ActiveCfg = Release|Any CPU
		{E58F408A-A639-4197-A1F0-0BF2AE8A34AD}.Release|Any CPU.Build.0 = Release|Any CPU
	EndGlobalSection
	GlobalSection(SolutionProperties) = preSolution
		HideSolutionNode = FALSE
	EndGlobalSection
	GlobalSection(NestedProjects) = preSolution
		{827FB86B-7CB4-4FE1-BFF4-419189BADC27} = {1FD1AE5C-1A44-4A4D-9D25-152347E039E3}
		{E8D14EFF-E657-4DF7-B2C0-6420BCEAB0E6} = {1FD1AE5C-1A44-4A4D-9D25-152347E039E3}
		{5EC82D9B-2D41-480D-A9B5-BDE044992958} = {1FD1AE5C-1A44-4A4D-9D25-152347E039E3}
		{22E40F0E-53BF-4CE3-97CD-AE89BED4DFBE} = {1FD1AE5C-1A44-4A4D-9D25-152347E039E3}
		{1E927F3D-1FCC-400F-B7FE-19EE97FACCB3} = {1FD1AE5C-1A44-4A4D-9D25-152347E039E3}
		{F8C843E4-D573-4A3B-9875-DCB6D10D6E5E} = {1FD1AE5C-1A44-4A4D-9D25-152347E039E3}
		{AAEF0278-9895-45A0-9913-2746C897B9D2} = {1FD1AE5C-1A44-4A4D-9D25-152347E039E3}
		{C48B9D17-8782-4AA3-9A45-1FCCCAA322B2} = {1FD1AE5C-1A44-4A4D-9D25-152347E039E3}
		{E6519EB9-29A4-497C-B301-654E9454C1E9} = {1FD1AE5C-1A44-4A4D-9D25-152347E039E3}
		{2BFFF6A6-0605-4E4C-9C0D-D42C8A2569D2} = {1FD1AE5C-1A44-4A4D-9D25-152347E039E3}
		{6E642A61-277C-490F-8D41-BA0483259019} = {1FD1AE5C-1A44-4A4D-9D25-152347E039E3}
		{173C79DC-5B7E-40C2-AE33-05F1F175BA4F} = {1FD1AE5C-1A44-4A4D-9D25-152347E039E3}
		{93B9B354-1981-4733-9527-251945A79645} = {AB05A0C2-87C4-41D4-A5BE-65DBEE678573}
		{84CC9C71-CCAB-4EC9-9813-8E71FC47A86B} = {AB05A0C2-87C4-41D4-A5BE-65DBEE678573}
		{E58F408A-A639-4197-A1F0-0BF2AE8A34AD} = {1FD1AE5C-1A44-4A4D-9D25-152347E039E3}
	EndGlobalSection
	GlobalSection(ExtensibilityGlobals) = postSolution
		SolutionGuid = {8E1B7349-4507-46DB-ACD3-F26DAF49396D}
	EndGlobalSection
EndGlobal
